
Microsoft Visual Studio Solution File, Format Version 12.00
# Visual Studio 15
VisualStudioVersion = 15.0.27428.2037
MinimumVisualStudioVersion = 10.0.40219.1
Project("{FAE04EC0-301F-11D3-BF4B-00C04F79EFBC}") = "SKotstein.app.flowsimulation.lib", "SKotstein.app.flowsimulation.lib\SKotstein.app.flowsimulation.lib.csproj", "{8DD0F763-D2C7-4699-8A73-E395C52F98AB}"
EndProject
Global
	GlobalSection(SolutionConfigurationPlatforms) = preSolution
		Debug|Any CPU = Debug|Any CPU
		Release|Any CPU = Release|Any CPU
	EndGlobalSection
	GlobalSection(ProjectConfigurationPlatforms) = postSolution
		{8DD0F763-D2C7-4699-8A73-E395C52F98AB}.Debug|Any CPU.ActiveCfg = Debug|Any CPU
		{8DD0F763-D2C7-4699-8A73-E395C52F98AB}.Debug|Any CPU.Build.0 = Debug|Any CPU
		{8DD0F763-D2C7-4699-8A73-E395C52F98AB}.Release|Any CPU.ActiveCfg = Release|Any CPU
		{8DD0F763-D2C7-4699-8A73-E395C52F98AB}.Release|Any CPU.Build.0 = Release|Any CPU
	EndGlobalSection
	GlobalSection(SolutionProperties) = preSolution
		HideSolutionNode = FALSE
	EndGlobalSection
	GlobalSection(ExtensibilityGlobals) = postSolution
		SolutionGuid = {1CF0541E-EC7D-4100-B79A-E69BB1E4845D}
	EndGlobalSection
EndGlobal
